{
  "version": 4,
  "terraform_version": "1.5.7",
  "serial": 4,
  "lineage": "30260a16-eeae-4f77-3716-cf2cf43c3243",
  "outputs": {},
  "resources": [
    {
      "mode": "managed",
      "type": "local_file",
      "name": "batch_4_file",
      "provider": "provider[\"registry.terraform.io/hashicorp/local\"]",
      "instances": [
        {
          "schema_version": 0,
          "attributes": {
            "content": "File created by tf",
            "content_base64": null,
            "content_base64sha256": "dn476Pj6YQFYCmL8PCDXYApFSqnnXA4xaE6llL9WzR4=",
            "content_base64sha512": "bj+8BKnCv030kyNNBZdB3axVf+cMP58LPvIvcmWR3g7zel2x3Y4HpKvhCvzRfRspQR7NdXdWkBzmH32TvViupg==",
            "content_md5": "73a7a024c1466d18474549a37d07c648",
            "content_sha1": "d4e1f13d7ac27722721e0cae46752bda5d119aed",
            "content_sha256": "767e3be8f8fa6101580a62fc3c20d7600a454aa9e75c0e31684ea594bf56cd1e",
            "content_sha512": "6e3fbc04a9c2bf4df493234d059741ddac557fe70c3f9f0b3ef22f726591de0ef37a5db1dd8e07a4abe10afcd17d1b29411ecd757756901ce61f7d93bd58aea6",
            "directory_permission": "0777",
            "file_permission": "0777",
            "filename": "./demo.txt",
            "id": "d4e1f13d7ac27722721e0cae46752bda5d119aed",
            "sensitive_content": null,
            "source": null
          },
          "sensitive_attributes": []
        }
      ]
    }
  ],
  "check_results": null
}
